// !$*UTF8*$!
{
	archiveVersion = 1;
	classes = {
	};
	objectVersion = 56;
	objects = {

/* Begin PBXBuildFile section */
		1B96F1AF2B99980F0083E8CF /* AppDelegate.swift in Sources */ = {isa = PBXBuildFile; fileRef = 1B96F1AE2B99980F0083E8CF /* AppDelegate.swift */; };
		1B96F1B12B99980F0083E8CF /* SceneDelegate.swift in Sources */ = {isa = PBXBuildFile; fileRef = 1B96F1B02B99980F0083E8CF /* SceneDelegate.swift */; };
		1B96F1B32B99980F0083E8CF /* ViewController.swift in Sources */ = {isa = PBXBuildFile; fileRef = 1B96F1B22B99980F0083E8CF /* ViewController.swift */; };
		1B96F1B62B99980F0083E8CF /* Main.storyboard in Resources */ = {isa = PBXBuildFile; fileRef = 1B96F1B42B99980F0083E8CF /* Main.storyboard */; };
		1B96F1B92B99980F0083E8CF /* MotivUp.xcdatamodeld in Sources */ = {isa = PBXBuildFile; fileRef = 1B96F1B72B99980F0083E8CF /* MotivUp.xcdatamodeld */; };
		1B96F1BB2B9998120083E8CF /* Assets.xcassets in Resources */ = {isa = PBXBuildFile; fileRef = 1B96F1BA2B9998120083E8CF /* Assets.xcassets */; };
		1B96F1BE2B9998120083E8CF /* LaunchScreen.storyboard in Resources */ = {isa = PBXBuildFile; fileRef = 1B96F1BC2B9998120083E8CF /* LaunchScreen.storyboard */; };
		1B96F1C92B9998120083E8CF /* MotivUpTests.swift in Sources */ = {isa = PBXBuildFile; fileRef = 1B96F1C82B9998120083E8CF /* MotivUpTests.swift */; };
		1B96F1D32B9998120083E8CF /* MotivUpUITests.swift in Sources */ = {isa = PBXBuildFile; fileRef = 1B96F1D22B9998120083E8CF /* MotivUpUITests.swift */; };
		1B96F1D52B9998120083E8CF /* MotivUpUITestsLaunchTests.swift in Sources */ = {isa = PBXBuildFile; fileRef = 1B96F1D42B9998120083E8CF /* MotivUpUITestsLaunchTests.swift */; };
		1B96F1E82B99992E0083E8CF /* DataManager.swift in Sources */ = {isa = PBXBuildFile; fileRef = 1B96F1E72B99992E0083E8CF /* DataManager.swift */; };
		1B96F1EA2B9999B60083E8CF /* SetupUIComponents.swift in Sources */ = {isa = PBXBuildFile; fileRef = 1B96F1E92B9999B60083E8CF /* SetupUIComponents.swift */; };
		1B96F1EC2B9999DC0083E8CF /* Utilities.swift in Sources */ = {isa = PBXBuildFile; fileRef = 1B96F1EB2B9999DC0083E8CF /* Utilities.swift */; };
		1B96F1EE2B999A1B0083E8CF /* Data.swift in Sources */ = {isa = PBXBuildFile; fileRef = 1B96F1ED2B999A1B0083E8CF /* Data.swift */; };
		1B96F1F02B999A620083E8CF /* FirstViewController.swift in Sources */ = {isa = PBXBuildFile; fileRef = 1B96F1EF2B999A620083E8CF /* FirstViewController.swift */; };
		1B96F1F22B999A7C0083E8CF /* SetupNameViewController.swift in Sources */ = {isa = PBXBuildFile; fileRef = 1B96F1F12B999A7C0083E8CF /* SetupNameViewController.swift */; };
		1B96F1F42B999A940083E8CF /* EmotionsViewController.swift in Sources */ = {isa = PBXBuildFile; fileRef = 1B96F1F32B999A940083E8CF /* EmotionsViewController.swift */; };
		1B96F1F62B999ABA0083E8CF /* HomeViewController.swift in Sources */ = {isa = PBXBuildFile; fileRef = 1B96F1F52B999ABA0083E8CF /* HomeViewController.swift */; };
		1B96F1F82B999ADF0083E8CF /* SettingsViewController.swift in Sources */ = {isa = PBXBuildFile; fileRef = 1B96F1F72B999ADF0083E8CF /* SettingsViewController.swift */; };
		1B96F1FA2B999AFB0083E8CF /* LikesViewController.swift in Sources */ = {isa = PBXBuildFile; fileRef = 1B96F1F92B999AFB0083E8CF /* LikesViewController.swift */; };
		1B96F1FC2B999B1D0083E8CF /* BackgroundChangeViewController.swift in Sources */ = {isa = PBXBuildFile; fileRef = 1B96F1FB2B999B1D0083E8CF /* BackgroundChangeViewController.swift */; };
		1B96F1FE2B999B3B0083E8CF /* LikedTableViewCell.swift in Sources */ = {isa = PBXBuildFile; fileRef = 1B96F1FD2B999B3B0083E8CF /* LikedTableViewCell.swift */; };
		1B96F2002B999B670083E8CF /* BackgroundTableViewCell.swift in Sources */ = {isa = PBXBuildFile; fileRef = 1B96F1FF2B999B670083E8CF /* BackgroundTableViewCell.swift */; };
		1B96F2072B9AAABB0083E8CF /* Self-Love.swift in Sources */ = {isa = PBXBuildFile; fileRef = 1B96F2062B9AAABB0083E8CF /* Self-Love.swift */; };
		1B96F2092B9AAB5E0083E8CF /* BeingThankful.swift in Sources */ = {isa = PBXBuildFile; fileRef = 1B96F2082B9AAB5E0083E8CF /* BeingThankful.swift */; };
		1B96F20B2B9AEEB60083E8CF /* Love.swift in Sources */ = {isa = PBXBuildFile; fileRef = 1B96F20A2B9AEEB60083E8CF /* Love.swift */; };
		1B96F20D2B9AEFBD0083E8CF /* PersonelGrowth.swift in Sources */ = {isa = PBXBuildFile; fileRef = 1B96F20C2B9AEFBD0083E8CF /* PersonelGrowth.swift */; };
		1B96F20F2B9AF0A20083E8CF /* PositifThinking.swift in Sources */ = {isa = PBXBuildFile; fileRef = 1B96F20E2B9AF0A20083E8CF /* PositifThinking.swift */; };
		1B96F2112B9AF14C0083E8CF /* Happiness.swift in Sources */ = {isa = PBXBuildFile; fileRef = 1B96F2102B9AF14C0083E8CF /* Happiness.swift */; };
		1B96F2132BA10E590083E8CF /* LikesSentences.swift in Sources */ = {isa = PBXBuildFile; fileRef = 1B96F2122BA10E590083E8CF /* LikesSentences.swift */; };
		1B96F2152BA34CD30083E8CF /* ShareViewController.swift in Sources */ = {isa = PBXBuildFile; fileRef = 1B96F2142BA34CD30083E8CF /* ShareViewController.swift */; };
		1B96F2182BA3501A0083E8CF /* ShareTableViewCell.swift in Sources */ = {isa = PBXBuildFile; fileRef = 1B96F2162BA3501A0083E8CF /* ShareTableViewCell.swift */; };
		1B96F2192BA3501A0083E8CF /* ShareTableViewCell.xib in Resources */ = {isa = PBXBuildFile; fileRef = 1B96F2172BA3501A0083E8CF /* ShareTableViewCell.xib */; };
/* End PBXBuildFile section */

/* Begin PBXContainerItemProxy section */
		1B96F1C52B9998120083E8CF /* PBXContainerItemProxy */ = {
			isa = PBXContainerItemProxy;
			containerPortal = 1B96F1A32B99980F0083E8CF /* Project object */;
			proxyType = 1;
			remoteGlobalIDString = 1B96F1AA2B99980F0083E8CF;
			remoteInfo = MotivUp;
		};
		1B96F1CF2B9998120083E8CF /* PBXContainerItemProxy */ = {
			isa = PBXContainerItemProxy;
			containerPortal = 1B96F1A32B99980F0083E8CF /* Project object */;
			proxyType = 1;
			remoteGlobalIDString = 1B96F1AA2B99980F0083E8CF;
			remoteInfo = MotivUp;
		};
/* End PBXContainerItemProxy section */

/* Begin PBXFileReference section */
		1B96F1AB2B99980F0083E8CF /* MotivUp.app */ = {isa = PBXFileReference; explicitFileType = wrapper.application; includeInIndex = 0; path = MotivUp.app; sourceTree = BUILT_PRODUCTS_DIR; };
		1B96F1AE2B99980F0083E8CF /* AppDelegate.swift */ = {isa = PBXFileReference; lastKnownFileType = sourcecode.swift; path = AppDelegate.swift; sourceTree = "<group>"; };
		1B96F1B02B99980F0083E8CF /* SceneDelegate.swift */ = {isa = PBXFileReference; lastKnownFileType = sourcecode.swift; path = SceneDelegate.swift; sourceTree = "<group>"; };
		1B96F1B22B99980F0083E8CF /* ViewController.swift */ = {isa = PBXFileReference; lastKnownFileType = sourcecode.swift; path = ViewController.swift; sourceTree = "<group>"; };
		1B96F1B52B99980F0083E8CF /* Base */ = {isa = PBXFileReference; lastKnownFileType = file.storyboard; name = Base; path = Base.lproj/Main.storyboard; sourceTree = "<group>"; };
		1B96F1B82B99980F0083E8CF /* MotivUp.xcdatamodel */ = {isa = PBXFileReference; lastKnownFileType = wrapper.xcdatamodel; path = MotivUp.xcdatamodel; sourceTree = "<group>"; };
		1B96F1BA2B9998120083E8CF /* Assets.xcassets */ = {isa = PBXFileReference; lastKnownFileType = folder.assetcatalog; path = Assets.xcassets; sourceTree = "<group>"; };
		1B96F1BD2B9998120083E8CF /* Base */ = {isa = PBXFileReference; lastKnownFileType = file.storyboard; name = Base; path = Base.lproj/LaunchScreen.storyboard; sourceTree = "<group>"; };
		1B96F1BF2B9998120083E8CF /* Info.plist */ = {isa = PBXFileReference; lastKnownFileType = text.plist.xml; path = Info.plist; sourceTree = "<group>"; };
		1B96F1C42B9998120083E8CF /* MotivUpTests.xctest */ = {isa = PBXFileReference; explicitFileType = wrapper.cfbundle; includeInIndex = 0; path = MotivUpTests.xctest; sourceTree = BUILT_PRODUCTS_DIR; };
		1B96F1C82B9998120083E8CF /* MotivUpTests.swift */ = {isa = PBXFileReference; lastKnownFileType = sourcecode.swift; path = MotivUpTests.swift; sourceTree = "<group>"; };
		1B96F1CE2B9998120083E8CF /* MotivUpUITests.xctest */ = {isa = PBXFileReference; explicitFileType = wrapper.cfbundle; includeInIndex = 0; path = MotivUpUITests.xctest; sourceTree = BUILT_PRODUCTS_DIR; };
		1B96F1D22B9998120083E8CF /* MotivUpUITests.swift */ = {isa = PBXFileReference; lastKnownFileType = sourcecode.swift; path = MotivUpUITests.swift; sourceTree = "<group>"; };
		1B96F1D42B9998120083E8CF /* MotivUpUITestsLaunchTests.swift */ = {isa = PBXFileReference; lastKnownFileType = sourcecode.swift; path = MotivUpUITestsLaunchTests.swift; sourceTree = "<group>"; };
		1B96F1E72B99992E0083E8CF /* DataManager.swift */ = {isa = PBXFileReference; lastKnownFileType = sourcecode.swift; path = DataManager.swift; sourceTree = "<group>"; };
		1B96F1E92B9999B60083E8CF /* SetupUIComponents.swift */ = {isa = PBXFileReference; lastKnownFileType = sourcecode.swift; path = SetupUIComponents.swift; sourceTree = "<group>"; };
		1B96F1EB2B9999DC0083E8CF /* Utilities.swift */ = {isa = PBXFileReference; lastKnownFileType = sourcecode.swift; path = Utilities.swift; sourceTree = "<group>"; };
		1B96F1ED2B999A1B0083E8CF /* Data.swift */ = {isa = PBXFileReference; lastKnownFileType = sourcecode.swift; path = Data.swift; sourceTree = "<group>"; };
		1B96F1EF2B999A620083E8CF /* FirstViewController.swift */ = {isa = PBXFileReference; lastKnownFileType = sourcecode.swift; path = FirstViewController.swift; sourceTree = "<group>"; };
		1B96F1F12B999A7C0083E8CF /* SetupNameViewController.swift */ = {isa = PBXFileReference; lastKnownFileType = sourcecode.swift; path = SetupNameViewController.swift; sourceTree = "<group>"; };
		1B96F1F32B999A940083E8CF /* EmotionsViewController.swift */ = {isa = PBXFileReference; lastKnownFileType = sourcecode.swift; path = EmotionsViewController.swift; sourceTree = "<group>"; };
		1B96F1F52B999ABA0083E8CF /* HomeViewController.swift */ = {isa = PBXFileReference; lastKnownFileType = sourcecode.swift; path = HomeViewController.swift; sourceTree = "<group>"; };
		1B96F1F72B999ADF0083E8CF /* SettingsViewController.swift */ = {isa = PBXFileReference; lastKnownFileType = sourcecode.swift; path = SettingsViewController.swift; sourceTree = "<group>"; };
		1B96F1F92B999AFB0083E8CF /* LikesViewController.swift */ = {isa = PBXFileReference; lastKnownFileType = sourcecode.swift; path = LikesViewController.swift; sourceTree = "<group>"; };
		1B96F1FB2B999B1D0083E8CF /* BackgroundChangeViewController.swift */ = {isa = PBXFileReference; lastKnownFileType = sourcecode.swift; path = BackgroundChangeViewController.swift; sourceTree = "<group>"; };
		1B96F1FD2B999B3B0083E8CF /* LikedTableViewCell.swift */ = {isa = PBXFileReference; lastKnownFileType = sourcecode.swift; path = LikedTableViewCell.swift; sourceTree = "<group>"; };
		1B96F1FF2B999B670083E8CF /* BackgroundTableViewCell.swift */ = {isa = PBXFileReference; lastKnownFileType = sourcecode.swift; path = BackgroundTableViewCell.swift; sourceTree = "<group>"; };
		1B96F2022B999DE20083E8CF /* MotivUp.entitlements */ = {isa = PBXFileReference; lastKnownFileType = text.plist.entitlements; path = MotivUp.entitlements; sourceTree = "<group>"; };
		1B96F2062B9AAABB0083E8CF /* Self-Love.swift */ = {isa = PBXFileReference; lastKnownFileType = sourcecode.swift; path = "Self-Love.swift"; sourceTree = "<group>"; };
		1B96F2082B9AAB5E0083E8CF /* BeingThankful.swift */ = {isa = PBXFileReference; lastKnownFileType = sourcecode.swift; path = BeingThankful.swift; sourceTree = "<group>"; };
		1B96F20A2B9AEEB60083E8CF /* Love.swift */ = {isa = PBXFileReference; lastKnownFileType = sourcecode.swift; path = Love.swift; sourceTree = "<group>"; };
		1B96F20C2B9AEFBD0083E8CF /* PersonelGrowth.swift */ = {isa = PBXFileReference; lastKnownFileType = sourcecode.swift; path = PersonelGrowth.swift; sourceTree = "<group>"; };
		1B96F20E2B9AF0A20083E8CF /* PositifThinking.swift */ = {isa = PBXFileReference; lastKnownFileType = sourcecode.swift; path = PositifThinking.swift; sourceTree = "<group>"; };
		1B96F2102B9AF14C0083E8CF /* Happiness.swift */ = {isa = PBXFileReference; lastKnownFileType = sourcecode.swift; path = Happiness.swift; sourceTree = "<group>"; };
		1B96F2122BA10E590083E8CF /* LikesSentences.swift */ = {isa = PBXFileReference; lastKnownFileType = sourcecode.swift; path = LikesSentences.swift; sourceTree = "<group>"; };
		1B96F2142BA34CD30083E8CF /* ShareViewController.swift */ = {isa = PBXFileReference; lastKnownFileType = sourcecode.swift; path = ShareViewController.swift; sourceTree = "<group>"; };
		1B96F2162BA3501A0083E8CF /* ShareTableViewCell.swift */ = {isa = PBXFileReference; lastKnownFileType = sourcecode.swift; path = ShareTableViewCell.swift; sourceTree = "<group>"; };
		1B96F2172BA3501A0083E8CF /* ShareTableViewCell.xib */ = {isa = PBXFileReference; lastKnownFileType = file.xib; path = ShareTableViewCell.xib; sourceTree = "<group>"; };
/* End PBXFileReference section */

/* Begin PBXFrameworksBuildPhase section */
		1B96F1A82B99980F0083E8CF /* Frameworks */ = {
			isa = PBXFrameworksBuildPhase;
			buildActionMask = 2147483647;
			files = (
			);
			runOnlyForDeploymentPostprocessing = 0;
		};
		1B96F1C12B9998120083E8CF /* Frameworks */ = {
			isa = PBXFrameworksBuildPhase;
			buildActionMask = 2147483647;
			files = (
			);
			runOnlyForDeploymentPostprocessing = 0;
		};
		1B96F1CB2B9998120083E8CF /* Frameworks */ = {
			isa = PBXFrameworksBuildPhase;
			buildActionMask = 2147483647;
			files = (
			);
			runOnlyForDeploymentPostprocessing = 0;
		};
/* End PBXFrameworksBuildPhase section */

/* Begin PBXGroup section */
		1B96F1A22B99980F0083E8CF = {
			isa = PBXGroup;
			children = (
				1B96F1AD2B99980F0083E8CF /* MotivUp */,
				1B96F1C72B9998120083E8CF /* MotivUpTests */,
				1B96F1D12B9998120083E8CF /* MotivUpUITests */,
				1B96F1AC2B99980F0083E8CF /* Products */,
			);
			sourceTree = "<group>";
		};
		1B96F1AC2B99980F0083E8CF /* Products */ = {
			isa = PBXGroup;
			children = (
				1B96F1AB2B99980F0083E8CF /* MotivUp.app */,
				1B96F1C42B9998120083E8CF /* MotivUpTests.xctest */,
				1B96F1CE2B9998120083E8CF /* MotivUpUITests.xctest */,
			);
			name = Products;
			sourceTree = "<group>";
		};
		1B96F1AD2B99980F0083E8CF /* MotivUp */ = {
			isa = PBXGroup;
			children = (
				1B96F2022B999DE20083E8CF /* MotivUp.entitlements */,
				1B96F2012B999BD50083E8CF /* Main */,
				1B96F1E12B9998B90083E8CF /* Views */,
				1B96F1E22B9998CE0083E8CF /* Model */,
				1B96F1E32B9998DB0083E8CF /* ViewControllers */,
				1B96F1BA2B9998120083E8CF /* Assets.xcassets */,
				1B96F1BF2B9998120083E8CF /* Info.plist */,
				1B96F1B72B99980F0083E8CF /* MotivUp.xcdatamodeld */,
			);
			path = MotivUp;
			sourceTree = "<group>";
		};
		1B96F1C72B9998120083E8CF /* MotivUpTests */ = {
			isa = PBXGroup;
			children = (
				1B96F1C82B9998120083E8CF /* MotivUpTests.swift */,
			);
			path = MotivUpTests;
			sourceTree = "<group>";
		};
		1B96F1D12B9998120083E8CF /* MotivUpUITests */ = {
			isa = PBXGroup;
			children = (
				1B96F1D22B9998120083E8CF /* MotivUpUITests.swift */,
				1B96F1D42B9998120083E8CF /* MotivUpUITestsLaunchTests.swift */,
			);
			path = MotivUpUITests;
			sourceTree = "<group>";
		};
		1B96F1E12B9998B90083E8CF /* Views */ = {
			isa = PBXGroup;
			children = (
				1B96F1E92B9999B60083E8CF /* SetupUIComponents.swift */,
				1B96F1EB2B9999DC0083E8CF /* Utilities.swift */,
			);
			path = Views;
			sourceTree = "<group>";
		};
		1B96F1E22B9998CE0083E8CF /* Model */ = {
			isa = PBXGroup;
			children = (
				1B96F2052B9AAA960083E8CF /* SentencesData */,
				1B96F1E72B99992E0083E8CF /* DataManager.swift */,
				1B96F1ED2B999A1B0083E8CF /* Data.swift */,
			);
			path = Model;
			sourceTree = "<group>";
		};
		1B96F1E32B9998DB0083E8CF /* ViewControllers */ = {
			isa = PBXGroup;
			children = (
				1B96F1B22B99980F0083E8CF /* ViewController.swift */,
				1B96F1E42B9998EC0083E8CF /* Setup Flow */,
				1B96F1E52B9998F80083E8CF /* Usage Flow */,
			);
			path = ViewControllers;
			sourceTree = "<group>";
		};
		1B96F1E42B9998EC0083E8CF /* Setup Flow */ = {
			isa = PBXGroup;
			children = (
				1B96F1EF2B999A620083E8CF /* FirstViewController.swift */,
				1B96F1F12B999A7C0083E8CF /* SetupNameViewController.swift */,
				1B96F1F32B999A940083E8CF /* EmotionsViewController.swift */,
			);
			path = "Setup Flow";
			sourceTree = "<group>";
		};
		1B96F1E52B9998F80083E8CF /* Usage Flow */ = {
			isa = PBXGroup;
			children = (
				1B96F1F52B999ABA0083E8CF /* HomeViewController.swift */,
				1B96F1F72B999ADF0083E8CF /* SettingsViewController.swift */,
				1B96F1F92B999AFB0083E8CF /* LikesViewController.swift */,
				1B96F1FB2B999B1D0083E8CF /* BackgroundChangeViewController.swift */,
				1B96F2142BA34CD30083E8CF /* ShareViewController.swift */,
				1B96F1E62B9999080083E8CF /* TableViewCells */,
			);
			path = "Usage Flow";
			sourceTree = "<group>";
		};
		1B96F1E62B9999080083E8CF /* TableViewCells */ = {
			isa = PBXGroup;
			children = (
				1B96F1FD2B999B3B0083E8CF /* LikedTableViewCell.swift */,
				1B96F1FF2B999B670083E8CF /* BackgroundTableViewCell.swift */,
				1B96F2162BA3501A0083E8CF /* ShareTableViewCell.swift */,
				1B96F2172BA3501A0083E8CF /* ShareTableViewCell.xib */,
			);
			path = TableViewCells;
			sourceTree = "<group>";
		};
		1B96F2012B999BD50083E8CF /* Main */ = {
			isa = PBXGroup;
			children = (
				1B96F1B02B99980F0083E8CF /* SceneDelegate.swift */,
				1B96F1AE2B99980F0083E8CF /* AppDelegate.swift */,
				1B96F1B42B99980F0083E8CF /* Main.storyboard */,
				1B96F1BC2B9998120083E8CF /* LaunchScreen.storyboard */,
			);
			path = Main;
			sourceTree = "<group>";
		};
		1B96F2052B9AAA960083E8CF /* SentencesData */ = {
			isa = PBXGroup;
			children = (
				1B96F2062B9AAABB0083E8CF /* Self-Love.swift */,
				1B96F2082B9AAB5E0083E8CF /* BeingThankful.swift */,
				1B96F20A2B9AEEB60083E8CF /* Love.swift */,
				1B96F20C2B9AEFBD0083E8CF /* PersonelGrowth.swift */,
				1B96F20E2B9AF0A20083E8CF /* PositifThinking.swift */,
				1B96F2102B9AF14C0083E8CF /* Happiness.swift */,
				1B96F2122BA10E590083E8CF /* LikesSentences.swift */,
			);
			path = SentencesData;
			sourceTree = "<group>";
		};
/* End PBXGroup section */

/* Begin PBXNativeTarget section */
		1B96F1AA2B99980F0083E8CF /* MotivUp */ = {
			isa = PBXNativeTarget;
			buildConfigurationList = 1B96F1D82B9998120083E8CF /* Build configuration list for PBXNativeTarget "MotivUp" */;
			buildPhases = (
				1B96F1A72B99980F0083E8CF /* Sources */,
				1B96F1A82B99980F0083E8CF /* Frameworks */,
				1B96F1A92B99980F0083E8CF /* Resources */,
			);
			buildRules = (
			);
			dependencies = (
			);
			name = MotivUp;
			productName = MotivUp;
			productReference = 1B96F1AB2B99980F0083E8CF /* MotivUp.app */;
			productType = "com.apple.product-type.application";
		};
		1B96F1C32B9998120083E8CF /* MotivUpTests */ = {
			isa = PBXNativeTarget;
			buildConfigurationList = 1B96F1DB2B9998120083E8CF /* Build configuration list for PBXNativeTarget "MotivUpTests" */;
			buildPhases = (
				1B96F1C02B9998120083E8CF /* Sources */,
				1B96F1C12B9998120083E8CF /* Frameworks */,
				1B96F1C22B9998120083E8CF /* Resources */,
			);
			buildRules = (
			);
			dependencies = (
				1B96F1C62B9998120083E8CF /* PBXTargetDependency */,
			);
			name = MotivUpTests;
			productName = MotivUpTests;
			productReference = 1B96F1C42B9998120083E8CF /* MotivUpTests.xctest */;
			productType = "com.apple.product-type.bundle.unit-test";
		};
		1B96F1CD2B9998120083E8CF /* MotivUpUITests */ = {
			isa = PBXNativeTarget;
			buildConfigurationList = 1B96F1DE2B9998120083E8CF /* Build configuration list for PBXNativeTarget "MotivUpUITests" */;
			buildPhases = (
				1B96F1CA2B9998120083E8CF /* Sources */,
				1B96F1CB2B9998120083E8CF /* Frameworks */,
				1B96F1CC2B9998120083E8CF /* Resources */,
			);
			buildRules = (
			);
			dependencies = (
				1B96F1D02B9998120083E8CF /* PBXTargetDependency */,
			);
			name = MotivUpUITests;
			productName = MotivUpUITests;
			productReference = 1B96F1CE2B9998120083E8CF /* MotivUpUITests.xctest */;
			productType = "com.apple.product-type.bundle.ui-testing";
		};
/* End PBXNativeTarget section */

/* Begin PBXProject section */
		1B96F1A32B99980F0083E8CF /* Project object */ = {
			isa = PBXProject;
			attributes = {
				BuildIndependentTargetsInParallel = 1;
				LastSwiftUpdateCheck = 1520;
				LastUpgradeCheck = 1520;
				TargetAttributes = {
					1B96F1AA2B99980F0083E8CF = {
						CreatedOnToolsVersion = 15.2;
					};
					1B96F1C32B9998120083E8CF = {
						CreatedOnToolsVersion = 15.2;
						TestTargetID = 1B96F1AA2B99980F0083E8CF;
					};
					1B96F1CD2B9998120083E8CF = {
						CreatedOnToolsVersion = 15.2;
						TestTargetID = 1B96F1AA2B99980F0083E8CF;
					};
				};
			};
			buildConfigurationList = 1B96F1A62B99980F0083E8CF /* Build configuration list for PBXProject "MotivUp" */;
			compatibilityVersion = "Xcode 14.0";
			developmentRegion = en;
			hasScannedForEncodings = 0;
			knownRegions = (
				en,
				Base,
			);
			mainGroup = 1B96F1A22B99980F0083E8CF;
			productRefGroup = 1B96F1AC2B99980F0083E8CF /* Products */;
			projectDirPath = "";
			projectRoot = "";
			targets = (
				1B96F1AA2B99980F0083E8CF /* MotivUp */,
				1B96F1C32B9998120083E8CF /* MotivUpTests */,
				1B96F1CD2B9998120083E8CF /* MotivUpUITests */,
			);
		};
/* End PBXProject section */

/* Begin PBXResourcesBuildPhase section */
		1B96F1A92B99980F0083E8CF /* Resources */ = {
			isa = PBXResourcesBuildPhase;
			buildActionMask = 2147483647;
			files = (
				1B96F1BE2B9998120083E8CF /* LaunchScreen.storyboard in Resources */,
				1B96F2192BA3501A0083E8CF /* ShareTableViewCell.xib in Resources */,
				1B96F1BB2B9998120083E8CF /* Assets.xcassets in Resources */,
				1B96F1B62B99980F0083E8CF /* Main.storyboard in Resources */,
			);
			runOnlyForDeploymentPostprocessing = 0;
		};
		1B96F1C22B9998120083E8CF /* Resources */ = {
			isa = PBXResourcesBuildPhase;
			buildActionMask = 2147483647;
			files = (
			);
			runOnlyForDeploymentPostprocessing = 0;
		};
		1B96F1CC2B9998120083E8CF /* Resources */ = {
			isa = PBXResourcesBuildPhase;
			buildActionMask = 2147483647;
			files = (
			);
			runOnlyForDeploymentPostprocessing = 0;
		};
/* End PBXResourcesBuildPhase section */

/* Begin PBXSourcesBuildPhase section */
		1B96F1A72B99980F0083E8CF /* Sources */ = {
			isa = PBXSourcesBuildPhase;
			buildActionMask = 2147483647;
			files = (
				1B96F20B2B9AEEB60083E8CF /* Love.swift in Sources */,
				1B96F2112B9AF14C0083E8CF /* Happiness.swift in Sources */,
				1B96F1F02B999A620083E8CF /* FirstViewController.swift in Sources */,
				1B96F1B92B99980F0083E8CF /* MotivUp.xcdatamodeld in Sources */,
				1B96F1FC2B999B1D0083E8CF /* BackgroundChangeViewController.swift in Sources */,
				1B96F1EA2B9999B60083E8CF /* SetupUIComponents.swift in Sources */,
				1B96F2092B9AAB5E0083E8CF /* BeingThankful.swift in Sources */,
				1B96F1EC2B9999DC0083E8CF /* Utilities.swift in Sources */,
				1B96F1E82B99992E0083E8CF /* DataManager.swift in Sources */,
				1B96F2072B9AAABB0083E8CF /* Self-Love.swift in Sources */,
				1B96F1F22B999A7C0083E8CF /* SetupNameViewController.swift in Sources */,
				1B96F1F42B999A940083E8CF /* EmotionsViewController.swift in Sources */,
				1B96F1FA2B999AFB0083E8CF /* LikesViewController.swift in Sources */,
				1B96F2002B999B670083E8CF /* BackgroundTableViewCell.swift in Sources */,
				1B96F1B32B99980F0083E8CF /* ViewController.swift in Sources */,
				1B96F20D2B9AEFBD0083E8CF /* PersonelGrowth.swift in Sources */,
				1B96F1EE2B999A1B0083E8CF /* Data.swift in Sources */,
				1B96F1AF2B99980F0083E8CF /* AppDelegate.swift in Sources */,
				1B96F1F82B999ADF0083E8CF /* SettingsViewController.swift in Sources */,
				1B96F20F2B9AF0A20083E8CF /* PositifThinking.swift in Sources */,
				1B96F1B12B99980F0083E8CF /* SceneDelegate.swift in Sources */,
				1B96F1F62B999ABA0083E8CF /* HomeViewController.swift in Sources */,
				1B96F2152BA34CD30083E8CF /* ShareViewController.swift in Sources */,
				1B96F1FE2B999B3B0083E8CF /* LikedTableViewCell.swift in Sources */,
				1B96F2132BA10E590083E8CF /* LikesSentences.swift in Sources */,
				1B96F2182BA3501A0083E8CF /* ShareTableViewCell.swift in Sources */,
			);
			runOnlyForDeploymentPostprocessing = 0;
		};
		1B96F1C02B9998120083E8CF /* Sources */ = {
			isa = PBXSourcesBuildPhase;
			buildActionMask = 2147483647;
			files = (
				1B96F1C92B9998120083E8CF /* MotivUpTests.swift in Sources */,
			);
			runOnlyForDeploymentPostprocessing = 0;
		};
		1B96F1CA2B9998120083E8CF /* Sources */ = {
			isa = PBXSourcesBuildPhase;
			buildActionMask = 2147483647;
			files = (
				1B96F1D32B9998120083E8CF /* MotivUpUITests.swift in Sources */,
				1B96F1D52B9998120083E8CF /* MotivUpUITestsLaunchTests.swift in Sources */,
			);
			runOnlyForDeploymentPostprocessing = 0;
		};
/* End PBXSourcesBuildPhase section */

/* Begin PBXTargetDependency section */
		1B96F1C62B9998120083E8CF /* PBXTargetDependency */ = {
			isa = PBXTargetDependency;
			target = 1B96F1AA2B99980F0083E8CF /* MotivUp */;
			targetProxy = 1B96F1C52B9998120083E8CF /* PBXContainerItemProxy */;
		};
		1B96F1D02B9998120083E8CF /* PBXTargetDependency */ = {
			isa = PBXTargetDependency;
			target = 1B96F1AA2B99980F0083E8CF /* MotivUp */;
			targetProxy = 1B96F1CF2B9998120083E8CF /* PBXContainerItemProxy */;
		};
/* End PBXTargetDependency section */

/* Begin PBXVariantGroup section */
		1B96F1B42B99980F0083E8CF /* Main.storyboard */ = {
			isa = PBXVariantGroup;
			children = (
				1B96F1B52B99980F0083E8CF /* Base */,
			);
			name = Main.storyboard;
			sourceTree = "<group>";
		};
		1B96F1BC2B9998120083E8CF /* LaunchScreen.storyboard */ = {
			isa = PBXVariantGroup;
			children = (
				1B96F1BD2B9998120083E8CF /* Base */,
			);
			name = LaunchScreen.storyboard;
			sourceTree = "<group>";
		};
/* End PBXVariantGroup section */

/* Begin XCBuildConfiguration section */
		1B96F1D62B9998120083E8CF /* Debug */ = {
			isa = XCBuildConfiguration;
			buildSettings = {
				ALWAYS_SEARCH_USER_PATHS = NO;
				ASSETCATALOG_COMPILER_GENERATE_SWIFT_ASSET_SYMBOL_EXTENSIONS = YES;
				CLANG_ANALYZER_NONNULL = YES;
				CLANG_ANALYZER_NUMBER_OBJECT_CONVERSION = YES_AGGRESSIVE;
				CLANG_CXX_LANGUAGE_STANDARD = "gnu++20";
				CLANG_ENABLE_MODULES = YES;
				CLANG_ENABLE_OBJC_ARC = YES;
				CLANG_ENABLE_OBJC_WEAK = YES;
				CLANG_WARN_BLOCK_CAPTURE_AUTORELEASING = YES;
				CLANG_WARN_BOOL_CONVERSION = YES;
				CLANG_WARN_COMMA = YES;
				CLANG_WARN_CONSTANT_CONVERSION = YES;
				CLANG_WARN_DEPRECATED_OBJC_IMPLEMENTATIONS = YES;
				CLANG_WARN_DIRECT_OBJC_ISA_USAGE = YES_ERROR;
				CLANG_WARN_DOCUMENTATION_COMMENTS = YES;
				CLANG_WARN_EMPTY_BODY = YES;
				CLANG_WARN_ENUM_CONVERSION = YES;
				CLANG_WARN_INFINITE_RECURSION = YES;
				CLANG_WARN_INT_CONVERSION = YES;
				CLANG_WARN_NON_LITERAL_NULL_CONVERSION = YES;
				CLANG_WARN_OBJC_IMPLICIT_RETAIN_SELF = YES;
				CLANG_WARN_OBJC_LITERAL_CONVERSION = YES;
				CLANG_WARN_OBJC_ROOT_CLASS = YES_ERROR;
				CLANG_WARN_QUOTED_INCLUDE_IN_FRAMEWORK_HEADER = YES;
				CLANG_WARN_RANGE_LOOP_ANALYSIS = YES;
				CLANG_WARN_STRICT_PROTOTYPES = YES;
				CLANG_WARN_SUSPICIOUS_MOVE = YES;
				CLANG_WARN_UNGUARDED_AVAILABILITY = YES_AGGRESSIVE;
				CLANG_WARN_UNREACHABLE_CODE = YES;
				CLANG_WARN__DUPLICATE_METHOD_MATCH = YES;
				COPY_PHASE_STRIP = NO;
				DEBUG_INFORMATION_FORMAT = dwarf;
				ENABLE_STRICT_OBJC_MSGSEND = YES;
				ENABLE_TESTABILITY = YES;
				ENABLE_USER_SCRIPT_SANDBOXING = YES;
				GCC_C_LANGUAGE_STANDARD = gnu17;
				GCC_DYNAMIC_NO_PIC = NO;
				GCC_NO_COMMON_BLOCKS = YES;
				GCC_OPTIMIZATION_LEVEL = 0;
				GCC_PREPROCESSOR_DEFINITIONS = (
					"DEBUG=1",
					"$(inherited)",
				);
				GCC_WARN_64_TO_32_BIT_CONVERSION = YES;
				GCC_WARN_ABOUT_RETURN_TYPE = YES_ERROR;
				GCC_WARN_UNDECLARED_SELECTOR = YES;
				GCC_WARN_UNINITIALIZED_AUTOS = YES_AGGRESSIVE;
				GCC_WARN_UNUSED_FUNCTION = YES;
				GCC_WARN_UNUSED_VARIABLE = YES;
				IPHONEOS_DEPLOYMENT_TARGET = 17.2;
				LOCALIZATION_PREFERS_STRING_CATALOGS = YES;
				MTL_ENABLE_DEBUG_INFO = INCLUDE_SOURCE;
				MTL_FAST_MATH = YES;
				ONLY_ACTIVE_ARCH = YES;
				SDKROOT = iphoneos;
				SWIFT_ACTIVE_COMPILATION_CONDITIONS = "DEBUG $(inherited)";
				SWIFT_OPTIMIZATION_LEVEL = "-Onone";
			};
			name = Debug;
		};
		1B96F1D72B9998120083E8CF /* Release */ = {
			isa = XCBuildConfiguration;
			buildSettings = {
				ALWAYS_SEARCH_USER_PATHS = NO;
				ASSETCATALOG_COMPILER_GENERATE_SWIFT_ASSET_SYMBOL_EXTENSIONS = YES;
				CLANG_ANALYZER_NONNULL = YES;
				CLANG_ANALYZER_NUMBER_OBJECT_CONVERSION = YES_AGGRESSIVE;
				CLANG_CXX_LANGUAGE_STANDARD = "gnu++20";
				CLANG_ENABLE_MODULES = YES;
				CLANG_ENABLE_OBJC_ARC = YES;
				CLANG_ENABLE_OBJC_WEAK = YES;
				CLANG_WARN_BLOCK_CAPTURE_AUTORELEASING = YES;
				CLANG_WARN_BOOL_CONVERSION = YES;
				CLANG_WARN_COMMA = YES;
				CLANG_WARN_CONSTANT_CONVERSION = YES;
				CLANG_WARN_DEPRECATED_OBJC_IMPLEMENTATIONS = YES;
				CLANG_WARN_DIRECT_OBJC_ISA_USAGE = YES_ERROR;
				CLANG_WARN_DOCUMENTATION_COMMENTS = YES;
				CLANG_WARN_EMPTY_BODY = YES;
				CLANG_WARN_ENUM_CONVERSION = YES;
				CLANG_WARN_INFINITE_RECURSION = YES;
				CLANG_WARN_INT_CONVERSION = YES;
				CLANG_WARN_NON_LITERAL_NULL_CONVERSION = YES;
				CLANG_WARN_OBJC_IMPLICIT_RETAIN_SELF = YES;
				CLANG_WARN_OBJC_LITERAL_CONVERSION = YES;
				CLANG_WARN_OBJC_ROOT_CLASS = YES_ERROR;
				CLANG_WARN_QUOTED_INCLUDE_IN_FRAMEWORK_HEADER = YES;
				CLANG_WARN_RANGE_LOOP_ANALYSIS = YES;
				CLANG_WARN_STRICT_PROTOTYPES = YES;
				CLANG_WARN_SUSPICIOUS_MOVE = YES;
				CLANG_WARN_UNGUARDED_AVAILABILITY = YES_AGGRESSIVE;
				CLANG_WARN_UNREACHABLE_CODE = YES;
				CLANG_WARN__DUPLICATE_METHOD_MATCH = YES;
				COPY_PHASE_STRIP = NO;
				DEBUG_INFORMATION_FORMAT = "dwarf-with-dsym";
				ENABLE_NS_ASSERTIONS = NO;
				ENABLE_STRICT_OBJC_MSGSEND = YES;
				ENABLE_USER_SCRIPT_SANDBOXING = YES;
				GCC_C_LANGUAGE_STANDARD = gnu17;
				GCC_NO_COMMON_BLOCKS = YES;
				GCC_WARN_64_TO_32_BIT_CONVERSION = YES;
				GCC_WARN_ABOUT_RETURN_TYPE = YES_ERROR;
				GCC_WARN_UNDECLARED_SELECTOR = YES;
				GCC_WARN_UNINITIALIZED_AUTOS = YES_AGGRESSIVE;
				GCC_WARN_UNUSED_FUNCTION = YES;
				GCC_WARN_UNUSED_VARIABLE = YES;
				IPHONEOS_DEPLOYMENT_TARGET = 17.2;
				LOCALIZATION_PREFERS_STRING_CATALOGS = YES;
				MTL_ENABLE_DEBUG_INFO = NO;
				MTL_FAST_MATH = YES;
				SDKROOT = iphoneos;
				SWIFT_COMPILATION_MODE = wholemodule;
				VALIDATE_PRODUCT = YES;
			};
			name = Release;
		};
		1B96F1D92B9998120083E8CF /* Debug */ = {
			isa = XCBuildConfiguration;
			buildSettings = {
				ASSETCATALOG_COMPILER_APPICON_NAME = AppIcon;
				ASSETCATALOG_COMPILER_GLOBAL_ACCENT_COLOR_NAME = AccentColor;
				CODE_SIGN_ENTITLEMENTS = MotivUp/MotivUp.entitlements;
				CODE_SIGN_STYLE = Automatic;
				CURRENT_PROJECT_VERSION = 1;
				DEVELOPMENT_TEAM = 74V8J2W6H8;
				GENERATE_INFOPLIST_FILE = YES;
				INFOPLIST_FILE = MotivUp/Info.plist;
				INFOPLIST_KEY_UIApplicationSupportsIndirectInputEvents = YES;
				INFOPLIST_KEY_UILaunchStoryboardName = LaunchScreen;
				INFOPLIST_KEY_UIMainStoryboardFile = Main;
				INFOPLIST_KEY_UISupportedInterfaceOrientations_iPad = "UIInterfaceOrientationPortrait UIInterfaceOrientationPortraitUpsideDown UIInterfaceOrientationLandscapeLeft UIInterfaceOrientationLandscapeRight";
				INFOPLIST_KEY_UISupportedInterfaceOrientations_iPhone = "UIInterfaceOrientationPortrait UIInterfaceOrientationLandscapeLeft UIInterfaceOrientationLandscapeRight";
				LD_RUNPATH_SEARCH_PATHS = (
					"$(inherited)",
					"@executable_path/Frameworks",
				);
				MARKETING_VERSION = 1.0;
				PRODUCT_BUNDLE_IDENTIFIER = com.whitecloud.MotivUp;
				PRODUCT_NAME = "$(TARGET_NAME)";
				SWIFT_EMIT_LOC_STRINGS = YES;
				SWIFT_VERSION = 5.0;
				TARGETED_DEVICE_FAMILY = "1,2";
			};
			name = Debug;
		};
		1B96F1DA2B9998120083E8CF /* Release */ = {
			isa = XCBuildConfiguration;
			buildSettings = {
				ASSETCATALOG_COMPILER_APPICON_NAME = AppIcon;
				ASSETCATALOG_COMPILER_GLOBAL_ACCENT_COLOR_NAME = AccentColor;
				CODE_SIGN_ENTITLEMENTS = MotivUp/MotivUp.entitlements;
				CODE_SIGN_STYLE = Automatic;
				CURRENT_PROJECT_VERSION = 1;
				DEVELOPMENT_TEAM = 74V8J2W6H8;
				GENERATE_INFOPLIST_FILE = YES;
				INFOPLIST_FILE = MotivUp/Info.plist;
				INFOPLIST_KEY_UIApplicationSupportsIndirectInputEvents = YES;
				INFOPLIST_KEY_UILaunchStoryboardName = LaunchScreen;
				INFOPLIST_KEY_UIMainStoryboardFile = Main;
				INFOPLIST_KEY_UISupportedInterfaceOrientations_iPad = "UIInterfaceOrientationPortrait UIInterfaceOrientationPortraitUpsideDown UIInterfaceOrientationLandscapeLeft UIInterfaceOrientationLandscapeRight";
				INFOPLIST_KEY_UISupportedInterfaceOrientations_iPhone = "UIInterfaceOrientationPortrait UIInterfaceOrientationLandscapeLeft UIInterfaceOrientationLandscapeRight";
				LD_RUNPATH_SEARCH_PATHS = (
					"$(inherited)",
					"@executable_path/Frameworks",
				);
				MARKETING_VERSION = 1.0;
				PRODUCT_BUNDLE_IDENTIFIER = com.whitecloud.MotivUp;
				PRODUCT_NAME = "$(TARGET_NAME)";
				SWIFT_EMIT_LOC_STRINGS = YES;
				SWIFT_VERSION = 5.0;
				TARGETED_DEVICE_FAMILY = "1,2";
			};
			name = Release;
		};
		1B96F1DC2B9998120083E8CF /* Debug */ = {
			isa = XCBuildConfiguration;
			buildSettings = {
				ALWAYS_EMBED_SWIFT_STANDARD_LIBRARIES = YES;
				BUNDLE_LOADER = "$(TEST_HOST)";
				CODE_SIGN_STYLE = Automatic;
				CURRENT_PROJECT_VERSION = 1;
				DEVELOPMENT_TEAM = 74V8J2W6H8;
				GENERATE_INFOPLIST_FILE = YES;
				IPHONEOS_DEPLOYMENT_TARGET = 17.2;
				MARKETING_VERSION = 1.0;
				PRODUCT_BUNDLE_IDENTIFIER = com.whitecloud.MotivUpTests;
				PRODUCT_NAME = "$(TARGET_NAME)";
				SWIFT_EMIT_LOC_STRINGS = NO;
				SWIFT_VERSION = 5.0;
				TARGETED_DEVICE_FAMILY = "1,2";
				TEST_HOST = "$(BUILT_PRODUCTS_DIR)/MotivUp.app/$(BUNDLE_EXECUTABLE_FOLDER_PATH)/MotivUp";
			};
			name = Debug;
		};
		1B96F1DD2B9998120083E8CF /* Release */ = {
			isa = XCBuildConfiguration;
			buildSettings = {
				ALWAYS_EMBED_SWIFT_STANDARD_LIBRARIES = YES;
				BUNDLE_LOADER = "$(TEST_HOST)";
				CODE_SIGN_STYLE = Automatic;
				CURRENT_PROJECT_VERSION = 1;
				DEVELOPMENT_TEAM = 74V8J2W6H8;
				GENERATE_INFOPLIST_FILE = YES;
				IPHONEOS_DEPLOYMENT_TARGET = 17.2;
				MARKETING_VERSION = 1.0;
				PRODUCT_BUNDLE_IDENTIFIER = com.whitecloud.MotivUpTests;
				PRODUCT_NAME = "$(TARGET_NAME)";
				SWIFT_EMIT_LOC_STRINGS = NO;
				SWIFT_VERSION = 5.0;
				TARGETED_DEVICE_FAMILY = "1,2";
				TEST_HOST = "$(BUILT_PRODUCTS_DIR)/MotivUp.app/$(BUNDLE_EXECUTABLE_FOLDER_PATH)/MotivUp";
			};
			name = Release;
		};
		1B96F1DF2B9998120083E8CF /* Debug */ = {
			isa = XCBuildConfiguration;
			buildSettings = {
				ALWAYS_EMBED_SWIFT_STANDARD_LIBRARIES = YES;
				CODE_SIGN_STYLE = Automatic;
				CURRENT_PROJECT_VERSION = 1;
				DEVELOPMENT_TEAM = 74V8J2W6H8;
				GENERATE_INFOPLIST_FILE = YES;
				MARKETING_VERSION = 1.0;
				PRODUCT_BUNDLE_IDENTIFIER = com.whitecloud.MotivUpUITests;
				PRODUCT_NAME = "$(TARGET_NAME)";
				SWIFT_EMIT_LOC_STRINGS = NO;
				SWIFT_VERSION = 5.0;
				TARGETED_DEVICE_FAMILY = "1,2";
				TEST_TARGET_NAME = MotivUp;
			};
			name = Debug;
		};
		1B96F1E02B9998120083E8CF /* Release */ = {
			isa = XCBuildConfiguration;
			buildSettings = {
				ALWAYS_EMBED_SWIFT_STANDARD_LIBRARIES = YES;
				CODE_SIGN_STYLE = Automatic;
				CURRENT_PROJECT_VERSION = 1;
				DEVELOPMENT_TEAM = 74V8J2W6H8;
				GENERATE_INFOPLIST_FILE = YES;
				MARKETING_VERSION = 1.0;
				PRODUCT_BUNDLE_IDENTIFIER = com.whitecloud.MotivUpUITests;
				PRODUCT_NAME = "$(TARGET_NAME)";
				SWIFT_EMIT_LOC_STRINGS = NO;
				SWIFT_VERSION = 5.0;
				TARGETED_DEVICE_FAMILY = "1,2";
				TEST_TARGET_NAME = MotivUp;
			};
			name = Release;
		};
/* End XCBuildConfiguration section */

/* Begin XCConfigurationList section */
		1B96F1A62B99980F0083E8CF /* Build configuration list for PBXProject "MotivUp" */ = {
			isa = XCConfigurationList;
			buildConfigurations = (
				1B96F1D62B9998120083E8CF /* Debug */,
				1B96F1D72B9998120083E8CF /* Release */,
			);
			defaultConfigurationIsVisible = 0;
			defaultConfigurationName = Release;
		};
		1B96F1D82B9998120083E8CF /* Build configuration list for PBXNativeTarget "MotivUp" */ = {
			isa = XCConfigurationList;
			buildConfigurations = (
				1B96F1D92B9998120083E8CF /* Debug */,
				1B96F1DA2B9998120083E8CF /* Release */,
			);
			defaultConfigurationIsVisible = 0;
			defaultConfigurationName = Release;
		};
		1B96F1DB2B9998120083E8CF /* Build configuration list for PBXNativeTarget "MotivUpTests" */ = {
			isa = XCConfigurationList;
			buildConfigurations = (
				1B96F1DC2B9998120083E8CF /* Debug */,
				1B96F1DD2B9998120083E8CF /* Release */,
			);
			defaultConfigurationIsVisible = 0;
			defaultConfigurationName = Release;
		};
		1B96F1DE2B9998120083E8CF /* Build configuration list for PBXNativeTarget "MotivUpUITests" */ = {
			isa = XCConfigurationList;
			buildConfigurations = (
				1B96F1DF2B9998120083E8CF /* Debug */,
				1B96F1E02B9998120083E8CF /* Release */,
			);
			defaultConfigurationIsVisible = 0;
			defaultConfigurationName = Release;
		};
/* End XCConfigurationList section */

/* Begin XCVersionGroup section */
		1B96F1B72B99980F0083E8CF /* MotivUp.xcdatamodeld */ = {
			isa = XCVersionGroup;
			children = (
				1B96F1B82B99980F0083E8CF /* MotivUp.xcdatamodel */,
			);
			currentVersion = 1B96F1B82B99980F0083E8CF /* MotivUp.xcdatamodel */;
			path = MotivUp.xcdatamodeld;
			sourceTree = "<group>";
			versionGroupType = wrapper.xcdatamodel;
		};
/* End XCVersionGroup section */
	};
	rootObject = 1B96F1A32B99980F0083E8CF /* Project object */;
}
